
Microsoft Visual Studio Solution File, Format Version 12.00
# Visual Studio Version 17
VisualStudioVersion = 17.11.35208.52
MinimumVisualStudioVersion = 10.0.40219.1
Project("{FAE04EC0-301F-11D3-BF4B-00C04F79EFBC}") = "Tetris", "Tetris.csproj", "{73BC6AFC-F83D-4360-8D8A-96276091064C}"
EndProject
Global
	GlobalSection(SolutionConfigurationPlatforms) = preSolution
		Debug|Any CPU = Debug|Any CPU
		Release|Any CPU = Release|Any CPU
	EndGlobalSection
	GlobalSection(ProjectConfigurationPlatforms) = postSolution
		{73BC6AFC-F83D-4360-8D8A-96276091064C}.Debug|Any CPU.ActiveCfg = Debug|Any CPU
		{73BC6AFC-F83D-4360-8D8A-96276091064C}.Debug|Any CPU.Build.0 = Debug|Any CPU
		{73BC6AFC-F83D-4360-8D8A-96276091064C}.Release|Any CPU.ActiveCfg = Release|Any CPU
		{73BC6AFC-F83D-4360-8D8A-96276091064C}.Release|Any CPU.Build.0 = Release|Any CPU
	EndGlobalSection
	GlobalSection(SolutionProperties) = preSolution
		HideSolutionNode = FALSE
	EndGlobalSection
	GlobalSection(ExtensibilityGlobals) = postSolution
		SolutionGuid = {FC987506-A011-4BB9-8E97-4F485FB64FFC}
	EndGlobalSection
EndGlobal
